<?xml version="1.0" encoding="utf-8"?>
<Project ToolsVersion="4.0" xmlns="http://schemas.microsoft.com/developer/msbuild/2003">
  <ItemGroup>
    <Filter Include="Common">
      <UniqueIdentifier>26d51fb7-2aaf-4ee1-aedc-63c985b3fd8f</UniqueIdentifier>
    </Filter>
    <Filter Include="Assets">
      <UniqueIdentifier>44785c18-394e-4d12-bcd0-1cf124321c27</UniqueIdentifier>
      <Extensions>bmp;fbx;gif;jpg;jpeg;tga;tiff;tif;png</Extensions>
    </Filter>
    <Filter Include="Content">
      <UniqueIdentifier>b713d764-df47-45a3-9536-162518fb0403</UniqueIdentifier>
    </Filter>
    <ClInclude Include="Common\DirectXHelper.h">
      <Filter>Common</Filter>
    </ClInclude>
    <ClInclude Include="Common\StepTimer.h">
      <Filter>Common</Filter>
    </ClInclude>
    <ClInclude Include="Common\DeviceResources.h">
      <Filter>Common</Filter>
    </ClInclude>
    <ClCompile Include="Common\DeviceResources.cpp">
      <Filter>Common</Filter>
    </ClCompile>
    <ClInclude Include="Content\SceneRenderer.h">
      <Filter>Content</Filter>
    </ClInclude>
    <ClInclude Include="Content\FpsTextRenderer.h">
      <Filter>Content</Filter>
    </ClInclude>
    <ClInclude Include="Content\ShaderStructures.h">
      <Filter>Content</Filter>
    </ClInclude>
    <ClCompile Include="Content\SceneRenderer.cpp">
      <Filter>Content</Filter>
    </ClCompile>
    <ClCompile Include="Content\FpsTextRenderer.cpp">
      <Filter>Content</Filter>
    </ClCompile>
    <Image Include="Assets\LockScreenLogo.scale-200.png">
      <Filter>Assets</Filter>
    </Image>
    <Image Include="Assets\SplashScreen.scale-200.png">
      <Filter>Assets</Filter>
    </Image>
    <Image Include="Assets\Square150x150Logo.scale-200.png">
      <Filter>Assets</Filter>
    </Image>
    <Image Include="Assets\Square44x44Logo.scale-200.png">
      <Filter>Assets</Filter>
    </Image>
    <Image Include="Assets\Square44x44Logo.targetsize-24_altform-unplated.png">
      <Filter>Assets</Filter>
    </Image>
    <Image Include="Assets\Wide310x150Logo.scale-200.png">
      <Filter>Assets</Filter>
    </Image>
  </ItemGroup>
  <ItemGroup>
    <ClCompile Include="App.cpp" />
    <ClCompile Include="_202219807_ACW_700119_D3D11_UWP_APPMain.cpp" />
    <ClCompile Include="pch.cpp" />
    <ClCompile Include="Content\P01_Implicit.cpp">
      <Filter>Content</Filter>
    </ClCompile>
    <ClCompile Include="Content\P02_Explicit.cpp">
      <Filter>Content</Filter>
    </ClCompile>
    <ClCompile Include="Content\P03_Explicit.cpp">
      <Filter>Content</Filter>
    </ClCompile>
  </ItemGroup>
  <ItemGroup>
    <ClInclude Include="App.h" />
    <ClInclude Include="_202219807_ACW_700119_D3D11_UWP_APPMain.h" />
    <ClInclude Include="pch.h" />
    <ClInclude Include="Content\P01_Implicit.h">
      <Filter>Content</Filter>
    </ClInclude>
    <ClInclude Include="Content\P02_Explicit.h">
      <Filter>Content</Filter>
    </ClInclude>
    <ClInclude Include="Content\P03_Explicit.h">
      <Filter>Content</Filter>
    </ClInclude>
  </ItemGroup>
  <ItemGroup>
    <Image Include="Assets\StoreLogo.png">
      <Filter>Assets</Filter>
    </Image>
  </ItemGroup>
  <ItemGroup>
    <AppxManifest Include="Package.appxmanifest" />
  </ItemGroup>
  <ItemGroup>
    <FxCompile Include="Content\P01_PS.hlsl">
      <Filter>Content</Filter>
    </FxCompile>
    <FxCompile Include="Content\P01_VS.hlsl">
      <Filter>Content</Filter>
    </FxCompile>
    <FxCompile Include="Content\P02_PS.hlsl">
      <Filter>Content</Filter>
    </FxCompile>
    <FxCompile Include="Content\P02_VS.hlsl">
      <Filter>Content</Filter>
    </FxCompile>
    <FxCompile Include="Content\P02_GS.hlsl">
      <Filter>Content</Filter>
    </FxCompile>
    <FxCompile Include="Content\P03_VS.hlsl">
      <Filter>Content</Filter>
    </FxCompile>
    <FxCompile Include="Content\P03_PS.hlsl">
      <Filter>Content</Filter>
    </FxCompile>
  </ItemGroup>
</Project>